github.com/go-sql-driver/mysql v1.4.1 h1:g24URVg0OFbNUTx9qqY1IRZ9D9z3iPyi5zKhQZpNwpA=
github.com/go-sql-driver/mysql v1.4.1/go.mod h1:zAC/RDZ24gD3HViQzih4MyKcchzm+sOG5ZlKdlhCg5w=
github.com/smartwalle/dbs v1.0.0 h1:4UzPq/wfzDVZFpBKXO5yckGqOdhVX8RZ6qv8nUCpGC8=
github.com/smartwalle/dbs v1.0.0/go.mod h1:sTVYj2+GAmxGxTF88LR38dc57SA5Pr9/Uk2EPztLidA=
github.com/smartwalle/ngx v1.0.5 h1:L31bGSybA/h9jh2/Aj6+oqjgKl4PU5Vzt6Kh+ewCEqI=
github.com/smartwalle/ngx v1.0.5/go.mod h1:mx/nz2Pk5j+RBs7t6u6k22MPiBG/8CtOMpCnALIG8Y0=
